
Microsoft Visual Studio Solution File, Format Version 12.00
# Visual Studio 15
VisualStudioVersion = 15.0.26430.16
MinimumVisualStudioVersion = 10.0.40219.1
Project("{FAE04EC0-301F-11D3-BF4B-00C04F79EFBC}") = "PhoneLocator", "PhoneLocator\PhoneLocator.csproj", "{E9CF9A69-80F9-410C-A7AF-100DEB3B4190}"
EndProject
Project("{D954291E-2A0B-460D-934E-DC6B0785DB48}") = "PhoneTracker", "PhoneTracker\PhoneTracker\PhoneTracker.shproj", "{297E60B9-E7AE-4E0F-9B6A-75827E1C6A0D}"
EndProject
Project("{FAE04EC0-301F-11D3-BF4B-00C04F79EFBC}") = "PhoneTracker.Android", "PhoneTracker\PhoneTracker.Android\PhoneTracker.Android.csproj", "{469B5CF7-321C-43F9-9C04-D0654C1DD739}"
EndProject
Project("{FAE04EC0-301F-11D3-BF4B-00C04F79EFBC}") = "PhoneTracker.iOS", "PhoneTracker\PhoneTracker.iOS\PhoneTracker.iOS.csproj", "{F46B545B-07A1-47D7-AF1B-96A8D9780C21}"
EndProject
Project("{FAE04EC0-301F-11D3-BF4B-00C04F79EFBC}") = "PhoneTracker.UWP", "PhoneTracker\PhoneTracker.UWP\PhoneTracker.UWP.csproj", "{FB24C5D7-6FEE-4BA1-86F0-7E93F0DDFBFA}"
EndProject
Global
	GlobalSection(SharedMSBuildProjectFiles) = preSolution
		PhoneTracker\PhoneTracker\PhoneTracker.projitems*{297e60b9-e7ae-4e0f-9b6a-75827e1c6a0d}*SharedItemsImports = 13
		PhoneTracker\PhoneTracker\PhoneTracker.projitems*{469b5cf7-321c-43f9-9c04-d0654c1dd739}*SharedItemsImports = 4
		PhoneTracker\PhoneTracker\PhoneTracker.projitems*{f46b545b-07a1-47d7-af1b-96a8d9780c21}*SharedItemsImports = 4
		PhoneTracker\PhoneTracker\PhoneTracker.projitems*{fb24c5d7-6fee-4ba1-86f0-7e93f0ddfbfa}*SharedItemsImports = 4
	EndGlobalSection
	GlobalSection(SolutionConfigurationPlatforms) = preSolution
		Ad-Hoc|Any CPU = Ad-Hoc|Any CPU
		Ad-Hoc|ARM = Ad-Hoc|ARM
		Ad-Hoc|iPhone = Ad-Hoc|iPhone
		Ad-Hoc|iPhoneSimulator = Ad-Hoc|iPhoneSimulator
		Ad-Hoc|x64 = Ad-Hoc|x64
		Ad-Hoc|x86 = Ad-Hoc|x86
		AppStore|Any CPU = AppStore|Any CPU
		AppStore|ARM = AppStore|ARM
		AppStore|iPhone = AppStore|iPhone
		AppStore|iPhoneSimulator = AppStore|iPhoneSimulator
		AppStore|x64 = AppStore|x64
		AppStore|x86 = AppStore|x86
		Debug|Any CPU = Debug|Any CPU
		Debug|ARM = Debug|ARM
		Debug|iPhone = Debug|iPhone
		Debug|iPhoneSimulator = Debug|iPhoneSimulator
		Debug|x64 = Debug|x64
		Debug|x86 = Debug|x86
		Release|Any CPU = Release|Any CPU
		Release|ARM = Release|ARM
		Release|iPhone = Release|iPhone
		Release|iPhoneSimulator = Release|iPhoneSimulator
		Release|x64 = Release|x64
		Release|x86 = Release|x86
	EndGlobalSection
	GlobalSection(ProjectConfigurationPlatforms) = postSolution
		{E9CF9A69-80F9-410C-A7AF-100DEB3B4190}.Ad-Hoc|Any CPU.ActiveCfg = Release|Any CPU
		{E9CF9A69-80F9-410C-A7AF-100DEB3B4190}.Ad-Hoc|Any CPU.Build.0 = Release|Any CPU
		{E9CF9A69-80F9-410C-A7AF-100DEB3B4190}.Ad-Hoc|ARM.ActiveCfg = Release|Any CPU
		{E9CF9A69-80F9-410C-A7AF-100DEB3B4190}.Ad-Hoc|ARM.Build.0 = Release|Any CPU
		{E9CF9A69-80F9-410C-A7AF-100DEB3B4190}.Ad-Hoc|iPhone.ActiveCfg = Release|Any CPU
		{E9CF9A69-80F9-410C-A7AF-100DEB3B4190}.Ad-Hoc|iPhone.Build.0 = Release|Any CPU
		{E9CF9A69-80F9-410C-A7AF-100DEB3B4190}.Ad-Hoc|iPhoneSimulator.ActiveCfg = Release|Any CPU
		{E9CF9A69-80F9-410C-A7AF-100DEB3B4190}.Ad-Hoc|iPhoneSimulator.Build.0 = Release|Any CPU
		{E9CF9A69-80F9-410C-A7AF-100DEB3B4190}.Ad-Hoc|x64.ActiveCfg = Release|Any CPU
		{E9CF9A69-80F9-410C-A7AF-100DEB3B4190}.Ad-Hoc|x64.Build.0 = Release|Any CPU
		{E9CF9A69-80F9-410C-A7AF-100DEB3B4190}.Ad-Hoc|x86.ActiveCfg = Release|Any CPU
		{E9CF9A69-80F9-410C-A7AF-100DEB3B4190}.Ad-Hoc|x86.Build.0 = Release|Any CPU
		{E9CF9A69-80F9-410C-A7AF-100DEB3B4190}.AppStore|Any CPU.ActiveCfg = Release|Any CPU
		{E9CF9A69-80F9-410C-A7AF-100DEB3B4190}.AppStore|Any CPU.Build.0 = Release|Any CPU
		{E9CF9A69-80F9-410C-A7AF-100DEB3B4190}.AppStore|ARM.ActiveCfg = Release|Any CPU
		{E9CF9A69-80F9-410C-A7AF-100DEB3B4190}.AppStore|ARM.Build.0 = Release|Any CPU
		{E9CF9A69-80F9-410C-A7AF-100DEB3B4190}.AppStore|iPhone.ActiveCfg = Release|Any CPU
		{E9CF9A69-80F9-410C-A7AF-100DEB3B4190}.AppStore|iPhone.Build.0 = Release|Any CPU
		{E9CF9A69-80F9-410C-A7AF-100DEB3B4190}.AppStore|iPhoneSimulator.ActiveCfg = Release|Any CPU
		{E9CF9A69-80F9-410C-A7AF-100DEB3B4190}.AppStore|iPhoneSimulator.Build.0 = Release|Any CPU
		{E9CF9A69-80F9-410C-A7AF-100DEB3B4190}.AppStore|x64.ActiveCfg = Release|Any CPU
		{E9CF9A69-80F9-410C-A7AF-100DEB3B4190}.AppStore|x64.Build.0 = Release|Any CPU
		{E9CF9A69-80F9-410C-A7AF-100DEB3B4190}.AppStore|x86.ActiveCfg = Release|Any CPU
		{E9CF9A69-80F9-410C-A7AF-100DEB3B4190}.AppStore|x86.Build.0 = Release|Any CPU
		{E9CF9A69-80F9-410C-A7AF-100DEB3B4190}.Debug|Any CPU.ActiveCfg = Debug|Any CPU
		{E9CF9A69-80F9-410C-A7AF-100DEB3B4190}.Debug|Any CPU.Build.0 = Debug|Any CPU
		{E9CF9A69-80F9-410C-A7AF-100DEB3B4190}.Debug|ARM.ActiveCfg = Debug|Any CPU
		{E9CF9A69-80F9-410C-A7AF-100DEB3B4190}.Debug|ARM.Build.0 = Debug|Any CPU
		{E9CF9A69-80F9-410C-A7AF-100DEB3B4190}.Debug|iPhone.ActiveCfg = Debug|Any CPU
		{E9CF9A69-80F9-410C-A7AF-100DEB3B4190}.Debug|iPhone.Build.0 = Debug|Any CPU
		{E9CF9A69-80F9-410C-A7AF-100DEB3B4190}.Debug|iPhoneSimulator.ActiveCfg = Debug|Any CPU
		{E9CF9A69-80F9-410C-A7AF-100DEB3B4190}.Debug|iPhoneSimulator.Build.0 = Debug|Any CPU
		{E9CF9A69-80F9-410C-A7AF-100DEB3B4190}.Debug|x64.ActiveCfg = Debug|Any CPU
		{E9CF9A69-80F9-410C-A7AF-100DEB3B4190}.Debug|x64.Build.0 = Debug|Any CPU
		{E9CF9A69-80F9-410C-A7AF-100DEB3B4190}.Debug|x86.ActiveCfg = Debug|Any CPU
		{E9CF9A69-80F9-410C-A7AF-100DEB3B4190}.Debug|x86.Build.0 = Debug|Any CPU
		{E9CF9A69-80F9-410C-A7AF-100DEB3B4190}.Release|Any CPU.ActiveCfg = Release|Any CPU
		{E9CF9A69-80F9-410C-A7AF-100DEB3B4190}.Release|Any CPU.Build.0 = Release|Any CPU
		{E9CF9A69-80F9-410C-A7AF-100DEB3B4190}.Release|ARM.ActiveCfg = Release|Any CPU
		{E9CF9A69-80F9-410C-A7AF-100DEB3B4190}.Release|ARM.Build.0 = Release|Any CPU
		{E9CF9A69-80F9-410C-A7AF-100DEB3B4190}.Release|iPhone.ActiveCfg = Release|Any CPU
		{E9CF9A69-80F9-410C-A7AF-100DEB3B4190}.Release|iPhone.Build.0 = Release|Any CPU
		{E9CF9A69-80F9-410C-A7AF-100DEB3B4190}.Release|iPhoneSimulator.ActiveCfg = Release|Any CPU
		{E9CF9A69-80F9-410C-A7AF-100DEB3B4190}.Release|iPhoneSimulator.Build.0 = Release|Any CPU
		{E9CF9A69-80F9-410C-A7AF-100DEB3B4190}.Release|x64.ActiveCfg = Release|Any CPU
		{E9CF9A69-80F9-410C-A7AF-100DEB3B4190}.Release|x64.Build.0 = Release|Any CPU
		{E9CF9A69-80F9-410C-A7AF-100DEB3B4190}.Release|x86.ActiveCfg = Release|Any CPU
		{E9CF9A69-80F9-410C-A7AF-100DEB3B4190}.Release|x86.Build.0 = Release|Any CPU
		{469B5CF7-321C-43F9-9C04-D0654C1DD739}.Ad-Hoc|Any CPU.ActiveCfg = Release|Any CPU
		{469B5CF7-321C-43F9-9C04-D0654C1DD739}.Ad-Hoc|Any CPU.Build.0 = Release|Any CPU
		{469B5CF7-321C-43F9-9C04-D0654C1DD739}.Ad-Hoc|Any CPU.Deploy.0 = Release|Any CPU
		{469B5CF7-321C-43F9-9C04-D0654C1DD739}.Ad-Hoc|ARM.ActiveCfg = Release|Any CPU
		{469B5CF7-321C-43F9-9C04-D0654C1DD739}.Ad-Hoc|ARM.Build.0 = Release|Any CPU
		{469B5CF7-321C-43F9-9C04-D0654C1DD739}.Ad-Hoc|ARM.Deploy.0 = Release|Any CPU
		{469B5CF7-321C-43F9-9C04-D0654C1DD739}.Ad-Hoc|iPhone.ActiveCfg = Release|Any CPU
		{469B5CF7-321C-43F9-9C04-D0654C1DD739}.Ad-Hoc|iPhone.Build.0 = Release|Any CPU
		{469B5CF7-321C-43F9-9C04-D0654C1DD739}.Ad-Hoc|iPhone.Deploy.0 = Release|Any CPU
		{469B5CF7-321C-43F9-9C04-D0654C1DD739}.Ad-Hoc|iPhoneSimulator.ActiveCfg = Release|Any CPU
		{469B5CF7-321C-43F9-9C04-D0654C1DD739}.Ad-Hoc|iPhoneSimulator.Build.0 = Release|Any CPU
		{469B5CF7-321C-43F9-9C04-D0654C1DD739}.Ad-Hoc|iPhoneSimulator.Deploy.0 = Release|Any CPU
		{469B5CF7-321C-43F9-9C04-D0654C1DD739}.Ad-Hoc|x64.ActiveCfg = Release|Any CPU
		{469B5CF7-321C-43F9-9C04-D0654C1DD739}.Ad-Hoc|x64.Build.0 = Release|Any CPU
		{469B5CF7-321C-43F9-9C04-D0654C1DD739}.Ad-Hoc|x64.Deploy.0 = Release|Any CPU
		{469B5CF7-321C-43F9-9C04-D0654C1DD739}.Ad-Hoc|x86.ActiveCfg = Release|Any CPU
		{469B5CF7-321C-43F9-9C04-D0654C1DD739}.Ad-Hoc|x86.Build.0 = Release|Any CPU
		{469B5CF7-321C-43F9-9C04-D0654C1DD739}.Ad-Hoc|x86.Deploy.0 = Release|Any CPU
		{469B5CF7-321C-43F9-9C04-D0654C1DD739}.AppStore|Any CPU.ActiveCfg = Release|Any CPU
		{469B5CF7-321C-43F9-9C04-D0654C1DD739}.AppStore|Any CPU.Build.0 = Release|Any CPU
		{469B5CF7-321C-43F9-9C04-D0654C1DD739}.AppStore|Any CPU.Deploy.0 = Release|Any CPU
		{469B5CF7-321C-43F9-9C04-D0654C1DD739}.AppStore|ARM.ActiveCfg = Release|Any CPU
		{469B5CF7-321C-43F9-9C04-D0654C1DD739}.AppStore|ARM.Build.0 = Release|Any CPU
		{469B5CF7-321C-43F9-9C04-D0654C1DD739}.AppStore|ARM.Deploy.0 = Release|Any CPU
		{469B5CF7-321C-43F9-9C04-D0654C1DD739}.AppStore|iPhone.ActiveCfg = Release|Any CPU
		{469B5CF7-321C-43F9-9C04-D0654C1DD739}.AppStore|iPhone.Build.0 = Release|Any CPU
		{469B5CF7-321C-43F9-9C04-D0654C1DD739}.AppStore|iPhone.Deploy.0 = Release|Any CPU
		{469B5CF7-321C-43F9-9C04-D0654C1DD739}.AppStore|iPhoneSimulator.ActiveCfg = Release|Any CPU
		{469B5CF7-321C-43F9-9C04-D0654C1DD739}.AppStore|iPhoneSimulator.Build.0 = Release|Any CPU
		{469B5CF7-321C-43F9-9C04-D0654C1DD739}.AppStore|iPhoneSimulator.Deploy.0 = Release|Any CPU
		{469B5CF7-321C-43F9-9C04-D0654C1DD739}.AppStore|x64.ActiveCfg = Release|Any CPU
		{469B5CF7-321C-43F9-9C04-D0654C1DD739}.AppStore|x64.Build.0 = Release|Any CPU
		{469B5CF7-321C-43F9-9C04-D0654C1DD739}.AppStore|x64.Deploy.0 = Release|Any CPU
		{469B5CF7-321C-43F9-9C04-D0654C1DD739}.AppStore|x86.ActiveCfg = Release|Any CPU
		{469B5CF7-321C-43F9-9C04-D0654C1DD739}.AppStore|x86.Build.0 = Release|Any CPU
		{469B5CF7-321C-43F9-9C04-D0654C1DD739}.AppStore|x86.Deploy.0 = Release|Any CPU
		{469B5CF7-321C-43F9-9C04-D0654C1DD739}.Debug|Any CPU.ActiveCfg = Debug|Any CPU
		{469B5CF7-321C-43F9-9C04-D0654C1DD739}.Debug|Any CPU.Build.0 = Debug|Any CPU
		{469B5CF7-321C-43F9-9C04-D0654C1DD739}.Debug|Any CPU.Deploy.0 = Debug|Any CPU
		{469B5CF7-321C-43F9-9C04-D0654C1DD739}.Debug|ARM.ActiveCfg = Debug|Any CPU
		{469B5CF7-321C-43F9-9C04-D0654C1DD739}.Debug|ARM.Build.0 = Debug|Any CPU
		{469B5CF7-321C-43F9-9C04-D0654C1DD739}.Debug|ARM.Deploy.0 = Debug|Any CPU
		{469B5CF7-321C-43F9-9C04-D0654C1DD739}.Debug|iPhone.ActiveCfg = Debug|Any CPU
		{469B5CF7-321C-43F9-9C04-D0654C1DD739}.Debug|iPhone.Build.0 = Debug|Any CPU
		{469B5CF7-321C-43F9-9C04-D0654C1DD739}.Debug|iPhone.Deploy.0 = Debug|Any CPU
		{469B5CF7-321C-43F9-9C04-D0654C1DD739}.Debug|iPhoneSimulator.ActiveCfg = Debug|Any CPU
		{469B5CF7-321C-43F9-9C04-D0654C1DD739}.Debug|iPhoneSimulator.Build.0 = Debug|Any CPU
		{469B5CF7-321C-43F9-9C04-D0654C1DD739}.Debug|iPhoneSimulator.Deploy.0 = Debug|Any CPU
		{469B5CF7-321C-43F9-9C04-D0654C1DD739}.Debug|x64.ActiveCfg = Debug|Any CPU
		{469B5CF7-321C-43F9-9C04-D0654C1DD739}.Debug|x64.Build.0 = Debug|Any CPU
		{469B5CF7-321C-43F9-9C04-D0654C1DD739}.Debug|x64.Deploy.0 = Debug|Any CPU
		{469B5CF7-321C-43F9-9C04-D0654C1DD739}.Debug|x86.ActiveCfg = Debug|Any CPU
		{469B5CF7-321C-43F9-9C04-D0654C1DD739}.Debug|x86.Build.0 = Debug|Any CPU
		{469B5CF7-321C-43F9-9C04-D0654C1DD739}.Debug|x86.Deploy.0 = Debug|Any CPU
		{469B5CF7-321C-43F9-9C04-D0654C1DD739}.Release|Any CPU.ActiveCfg = Release|Any CPU
		{469B5CF7-321C-43F9-9C04-D0654C1DD739}.Release|Any CPU.Build.0 = Release|Any CPU
		{469B5CF7-321C-43F9-9C04-D0654C1DD739}.Release|Any CPU.Deploy.0 = Release|Any CPU
		{469B5CF7-321C-43F9-9C04-D0654C1DD739}.Release|ARM.ActiveCfg = Release|Any CPU
		{469B5CF7-321C-43F9-9C04-D0654C1DD739}.Release|ARM.Build.0 = Release|Any CPU
		{469B5CF7-321C-43F9-9C04-D0654C1DD739}.Release|ARM.Deploy.0 = Release|Any CPU
		{469B5CF7-321C-43F9-9C04-D0654C1DD739}.Release|iPhone.ActiveCfg = Release|Any CPU
		{469B5CF7-321C-43F9-9C04-D0654C1DD739}.Release|iPhone.Build.0 = Release|Any CPU
		{469B5CF7-321C-43F9-9C04-D0654C1DD739}.Release|iPhone.Deploy.0 = Release|Any CPU
		{469B5CF7-321C-43F9-9C04-D0654C1DD739}.Release|iPhoneSimulator.ActiveCfg = Release|Any CPU
		{469B5CF7-321C-43F9-9C04-D0654C1DD739}.Release|iPhoneSimulator.Build.0 = Release|Any CPU
		{469B5CF7-321C-43F9-9C04-D0654C1DD739}.Release|iPhoneSimulator.Deploy.0 = Release|Any CPU
		{469B5CF7-321C-43F9-9C04-D0654C1DD739}.Release|x64.ActiveCfg = Release|Any CPU
		{469B5CF7-321C-43F9-9C04-D0654C1DD739}.Release|x64.Build.0 = Release|Any CPU
		{469B5CF7-321C-43F9-9C04-D0654C1DD739}.Release|x64.Deploy.0 = Release|Any CPU
		{469B5CF7-321C-43F9-9C04-D0654C1DD739}.Release|x86.ActiveCfg = Release|Any CPU
		{469B5CF7-321C-43F9-9C04-D0654C1DD739}.Release|x86.Build.0 = Release|Any CPU
		{469B5CF7-321C-43F9-9C04-D0654C1DD739}.Release|x86.Deploy.0 = Release|Any CPU
		{F46B545B-07A1-47D7-AF1B-96A8D9780C21}.Ad-Hoc|Any CPU.ActiveCfg = Ad-Hoc|iPhone
		{F46B545B-07A1-47D7-AF1B-96A8D9780C21}.Ad-Hoc|ARM.ActiveCfg = Ad-Hoc|iPhone
		{F46B545B-07A1-47D7-AF1B-96A8D9780C21}.Ad-Hoc|iPhone.ActiveCfg = Ad-Hoc|iPhone
		{F46B545B-07A1-47D7-AF1B-96A8D9780C21}.Ad-Hoc|iPhone.Build.0 = Ad-Hoc|iPhone
		{F46B545B-07A1-47D7-AF1B-96A8D9780C21}.Ad-Hoc|iPhoneSimulator.ActiveCfg = Ad-Hoc|iPhoneSimulator
		{F46B545B-07A1-47D7-AF1B-96A8D9780C21}.Ad-Hoc|iPhoneSimulator.Build.0 = Ad-Hoc|iPhoneSimulator
		{F46B545B-07A1-47D7-AF1B-96A8D9780C21}.Ad-Hoc|x64.ActiveCfg = Ad-Hoc|iPhone
		{F46B545B-07A1-47D7-AF1B-96A8D9780C21}.Ad-Hoc|x86.ActiveCfg = Ad-Hoc|iPhone
		{F46B545B-07A1-47D7-AF1B-96A8D9780C21}.AppStore|Any CPU.ActiveCfg = AppStore|iPhone
		{F46B545B-07A1-47D7-AF1B-96A8D9780C21}.AppStore|ARM.ActiveCfg = AppStore|iPhone
		{F46B545B-07A1-47D7-AF1B-96A8D9780C21}.AppStore|iPhone.ActiveCfg = AppStore|iPhone
		{F46B545B-07A1-47D7-AF1B-96A8D9780C21}.AppStore|iPhone.Build.0 = AppStore|iPhone
		{F46B545B-07A1-47D7-AF1B-96A8D9780C21}.AppStore|iPhoneSimulator.ActiveCfg = AppStore|iPhoneSimulator
		{F46B545B-07A1-47D7-AF1B-96A8D9780C21}.AppStore|iPhoneSimulator.Build.0 = AppStore|iPhoneSimulator
		{F46B545B-07A1-47D7-AF1B-96A8D9780C21}.AppStore|x64.ActiveCfg = AppStore|iPhone
		{F46B545B-07A1-47D7-AF1B-96A8D9780C21}.AppStore|x86.ActiveCfg = AppStore|iPhone
		{F46B545B-07A1-47D7-AF1B-96A8D9780C21}.Debug|Any CPU.ActiveCfg = Debug|iPhone
		{F46B545B-07A1-47D7-AF1B-96A8D9780C21}.Debug|ARM.ActiveCfg = Debug|iPhone
		{F46B545B-07A1-47D7-AF1B-96A8D9780C21}.Debug|iPhone.ActiveCfg = Debug|iPhone
		{F46B545B-07A1-47D7-AF1B-96A8D9780C21}.Debug|iPhone.Build.0 = Debug|iPhone
		{F46B545B-07A1-47D7-AF1B-96A8D9780C21}.Debug|iPhoneSimulator.ActiveCfg = Debug|iPhoneSimulator
		{F46B545B-07A1-47D7-AF1B-96A8D9780C21}.Debug|iPhoneSimulator.Build.0 = Debug|iPhoneSimulator
		{F46B545B-07A1-47D7-AF1B-96A8D9780C21}.Debug|x64.ActiveCfg = Debug|iPhone
		{F46B545B-07A1-47D7-AF1B-96A8D9780C21}.Debug|x86.ActiveCfg = Debug|iPhone
		{F46B545B-07A1-47D7-AF1B-96A8D9780C21}.Release|Any CPU.ActiveCfg = Release|iPhone
		{F46B545B-07A1-47D7-AF1B-96A8D9780C21}.Release|ARM.ActiveCfg = Release|iPhone
		{F46B545B-07A1-47D7-AF1B-96A8D9780C21}.Release|iPhone.ActiveCfg = Release|iPhone
		{F46B545B-07A1-47D7-AF1B-96A8D9780C21}.Release|iPhone.Build.0 = Release|iPhone
		{F46B545B-07A1-47D7-AF1B-96A8D9780C21}.Release|iPhoneSimulator.ActiveCfg = Release|iPhoneSimulator
		{F46B545B-07A1-47D7-AF1B-96A8D9780C21}.Release|iPhoneSimulator.Build.0 = Release|iPhoneSimulator
		{F46B545B-07A1-47D7-AF1B-96A8D9780C21}.Release|x64.ActiveCfg = Release|iPhone
		{F46B545B-07A1-47D7-AF1B-96A8D9780C21}.Release|x86.ActiveCfg = Release|iPhone
		{FB24C5D7-6FEE-4BA1-86F0-7E93F0DDFBFA}.Ad-Hoc|Any CPU.ActiveCfg = Release|x86
		{FB24C5D7-6FEE-4BA1-86F0-7E93F0DDFBFA}.Ad-Hoc|Any CPU.Build.0 = Release|x86
		{FB24C5D7-6FEE-4BA1-86F0-7E93F0DDFBFA}.Ad-Hoc|Any CPU.Deploy.0 = Release|x86
		{FB24C5D7-6FEE-4BA1-86F0-7E93F0DDFBFA}.Ad-Hoc|ARM.ActiveCfg = Release|ARM
		{FB24C5D7-6FEE-4BA1-86F0-7E93F0DDFBFA}.Ad-Hoc|ARM.Build.0 = Release|ARM
		{FB24C5D7-6FEE-4BA1-86F0-7E93F0DDFBFA}.Ad-Hoc|ARM.Deploy.0 = Release|ARM
		{FB24C5D7-6FEE-4BA1-86F0-7E93F0DDFBFA}.Ad-Hoc|iPhone.ActiveCfg = Release|x86
		{FB24C5D7-6FEE-4BA1-86F0-7E93F0DDFBFA}.Ad-Hoc|iPhone.Build.0 = Release|x86
		{FB24C5D7-6FEE-4BA1-86F0-7E93F0DDFBFA}.Ad-Hoc|iPhone.Deploy.0 = Release|x86
		{FB24C5D7-6FEE-4BA1-86F0-7E93F0DDFBFA}.Ad-Hoc|iPhoneSimulator.ActiveCfg = Release|x86
		{FB24C5D7-6FEE-4BA1-86F0-7E93F0DDFBFA}.Ad-Hoc|iPhoneSimulator.Build.0 = Release|x86
		{FB24C5D7-6FEE-4BA1-86F0-7E93F0DDFBFA}.Ad-Hoc|iPhoneSimulator.Deploy.0 = Release|x86
		{FB24C5D7-6FEE-4BA1-86F0-7E93F0DDFBFA}.Ad-Hoc|x64.ActiveCfg = Release|x64
		{FB24C5D7-6FEE-4BA1-86F0-7E93F0DDFBFA}.Ad-Hoc|x64.Build.0 = Release|x64
		{FB24C5D7-6FEE-4BA1-86F0-7E93F0DDFBFA}.Ad-Hoc|x64.Deploy.0 = Release|x64
		{FB24C5D7-6FEE-4BA1-86F0-7E93F0DDFBFA}.Ad-Hoc|x86.ActiveCfg = Release|x86
		{FB24C5D7-6FEE-4BA1-86F0-7E93F0DDFBFA}.Ad-Hoc|x86.Build.0 = Release|x86
		{FB24C5D7-6FEE-4BA1-86F0-7E93F0DDFBFA}.Ad-Hoc|x86.Deploy.0 = Release|x86
		{FB24C5D7-6FEE-4BA1-86F0-7E93F0DDFBFA}.AppStore|Any CPU.ActiveCfg = Release|x86
		{FB24C5D7-6FEE-4BA1-86F0-7E93F0DDFBFA}.AppStore|Any CPU.Build.0 = Release|x86
		{FB24C5D7-6FEE-4BA1-86F0-7E93F0DDFBFA}.AppStore|Any CPU.Deploy.0 = Release|x86
		{FB24C5D7-6FEE-4BA1-86F0-7E93F0DDFBFA}.AppStore|ARM.ActiveCfg = Release|ARM
		{FB24C5D7-6FEE-4BA1-86F0-7E93F0DDFBFA}.AppStore|ARM.Build.0 = Release|ARM
		{FB24C5D7-6FEE-4BA1-86F0-7E93F0DDFBFA}.AppStore|ARM.Deploy.0 = Release|ARM
		{FB24C5D7-6FEE-4BA1-86F0-7E93F0DDFBFA}.AppStore|iPhone.ActiveCfg = Release|x86
		{FB24C5D7-6FEE-4BA1-86F0-7E93F0DDFBFA}.AppStore|iPhone.Build.0 = Release|x86
		{FB24C5D7-6FEE-4BA1-86F0-7E93F0DDFBFA}.AppStore|iPhone.Deploy.0 = Release|x86
		{FB24C5D7-6FEE-4BA1-86F0-7E93F0DDFBFA}.AppStore|iPhoneSimulator.ActiveCfg = Release|x86
		{FB24C5D7-6FEE-4BA1-86F0-7E93F0DDFBFA}.AppStore|iPhoneSimulator.Build.0 = Release|x86
		{FB24C5D7-6FEE-4BA1-86F0-7E93F0DDFBFA}.AppStore|iPhoneSimulator.Deploy.0 = Release|x86
		{FB24C5D7-6FEE-4BA1-86F0-7E93F0DDFBFA}.AppStore|x64.ActiveCfg = Release|x64
		{FB24C5D7-6FEE-4BA1-86F0-7E93F0DDFBFA}.AppStore|x64.Build.0 = Release|x64
		{FB24C5D7-6FEE-4BA1-86F0-7E93F0DDFBFA}.AppStore|x64.Deploy.0 = Release|x64
		{FB24C5D7-6FEE-4BA1-86F0-7E93F0DDFBFA}.AppStore|x86.ActiveCfg = Release|x86
		{FB24C5D7-6FEE-4BA1-86F0-7E93F0DDFBFA}.AppStore|x86.Build.0 = Release|x86
		{FB24C5D7-6FEE-4BA1-86F0-7E93F0DDFBFA}.AppStore|x86.Deploy.0 = Release|x86
		{FB24C5D7-6FEE-4BA1-86F0-7E93F0DDFBFA}.Debug|Any CPU.ActiveCfg = Debug|x86
		{FB24C5D7-6FEE-4BA1-86F0-7E93F0DDFBFA}.Debug|ARM.ActiveCfg = Debug|ARM
		{FB24C5D7-6FEE-4BA1-86F0-7E93F0DDFBFA}.Debug|ARM.Build.0 = Debug|ARM
		{FB24C5D7-6FEE-4BA1-86F0-7E93F0DDFBFA}.Debug|ARM.Deploy.0 = Debug|ARM
		{FB24C5D7-6FEE-4BA1-86F0-7E93F0DDFBFA}.Debug|iPhone.ActiveCfg = Debug|x86
		{FB24C5D7-6FEE-4BA1-86F0-7E93F0DDFBFA}.Debug|iPhoneSimulator.ActiveCfg = Debug|x86
		{FB24C5D7-6FEE-4BA1-86F0-7E93F0DDFBFA}.Debug|x64.ActiveCfg = Debug|x64
		{FB24C5D7-6FEE-4BA1-86F0-7E93F0DDFBFA}.Debug|x64.Build.0 = Debug|x64
		{FB24C5D7-6FEE-4BA1-86F0-7E93F0DDFBFA}.Debug|x64.Deploy.0 = Debug|x64
		{FB24C5D7-6FEE-4BA1-86F0-7E93F0DDFBFA}.Debug|x86.ActiveCfg = Debug|x86
		{FB24C5D7-6FEE-4BA1-86F0-7E93F0DDFBFA}.Debug|x86.Build.0 = Debug|x86
		{FB24C5D7-6FEE-4BA1-86F0-7E93F0DDFBFA}.Debug|x86.Deploy.0 = Debug|x86
		{FB24C5D7-6FEE-4BA1-86F0-7E93F0DDFBFA}.Release|Any CPU.ActiveCfg = Release|x86
		{FB24C5D7-6FEE-4BA1-86F0-7E93F0DDFBFA}.Release|ARM.ActiveCfg = Release|ARM
		{FB24C5D7-6FEE-4BA1-86F0-7E93F0DDFBFA}.Release|ARM.Build.0 = Release|ARM
		{FB24C5D7-6FEE-4BA1-86F0-7E93F0DDFBFA}.Release|ARM.Deploy.0 = Release|ARM
		{FB24C5D7-6FEE-4BA1-86F0-7E93F0DDFBFA}.Release|iPhone.ActiveCfg = Release|x86
		{FB24C5D7-6FEE-4BA1-86F0-7E93F0DDFBFA}.Release|iPhoneSimulator.ActiveCfg = Release|x86
		{FB24C5D7-6FEE-4BA1-86F0-7E93F0DDFBFA}.Release|x64.ActiveCfg = Release|x64
		{FB24C5D7-6FEE-4BA1-86F0-7E93F0DDFBFA}.Release|x64.Build.0 = Release|x64
		{FB24C5D7-6FEE-4BA1-86F0-7E93F0DDFBFA}.Release|x64.Deploy.0 = Release|x64
		{FB24C5D7-6FEE-4BA1-86F0-7E93F0DDFBFA}.Release|x86.ActiveCfg = Release|x86
		{FB24C5D7-6FEE-4BA1-86F0-7E93F0DDFBFA}.Release|x86.Build.0 = Release|x86
		{FB24C5D7-6FEE-4BA1-86F0-7E93F0DDFBFA}.Release|x86.Deploy.0 = Release|x86
	EndGlobalSection
	GlobalSection(SolutionProperties) = preSolution
		HideSolutionNode = FALSE
	EndGlobalSection
EndGlobal
